
Microsoft Visual Studio Solution File, Format Version 12.00
# Visual Studio Version 17
VisualStudioVersion = 17.5.002.0
MinimumVisualStudioVersion = 10.0.40219.1
Project("{9A19103F-16F7-4668-BE54-9A1E7A4F7556}") = "Igs.Hyprland", "Igs.Hyprland.csproj", "{27FCFFE1-4181-4A6A-B445-CA7C6F0AC7FB}"
EndProject
Global
	GlobalSection(SolutionConfigurationPlatforms) = preSolution
		Debug|Any CPU = Debug|Any CPU
		Release|Any CPU = Release|Any CPU
	EndGlobalSection
	GlobalSection(ProjectConfigurationPlatforms) = postSolution
		{27FCFFE1-4181-4A6A-B445-CA7C6F0AC7FB}.Debug|Any CPU.ActiveCfg = Debug|Any CPU
		{27FCFFE1-4181-4A6A-B445-CA7C6F0AC7FB}.Debug|Any CPU.Build.0 = Debug|Any CPU
		{27FCFFE1-4181-4A6A-B445-CA7C6F0AC7FB}.Release|Any CPU.ActiveCfg = Release|Any CPU
		{27FCFFE1-4181-4A6A-B445-CA7C6F0AC7FB}.Release|Any CPU.Build.0 = Release|Any CPU
	EndGlobalSection
	GlobalSection(SolutionProperties) = preSolution
		HideSolutionNode = FALSE
	EndGlobalSection
	GlobalSection(ExtensibilityGlobals) = postSolution
		SolutionGuid = {F488774F-C341-4793-97C6-0221DA7C8C23}
	EndGlobalSection
EndGlobal
